// !$*UTF8*$!
{
	archiveVersion = 1;
	classes = {
	};
	objectVersion = 50;
	objects = {

/* Begin PBXBuildFile section */
		45538B4035E4EFD66FB3C659 /* Pods_Catalog.framework in Frameworks */ = {isa = PBXBuildFile; fileRef = 279692B23AD0BAFBB40EDF70 /* Pods_Catalog.framework */; };
		A751C40B21AEBC9B008BF019 /* AppDelegate.swift in Sources */ = {isa = PBXBuildFile; fileRef = A751C40A21AEBC9B008BF019 /* AppDelegate.swift */; };
		A751C40D21AEBC9B008BF019 /* ProductViewController.swift in Sources */ = {isa = PBXBuildFile; fileRef = A751C40C21AEBC9B008BF019 /* ProductViewController.swift */; };
		A751C41021AEBC9B008BF019 /* Main.storyboard in Resources */ = {isa = PBXBuildFile; fileRef = A751C40E21AEBC9B008BF019 /* Main.storyboard */; };
		A751C41221AEBC9D008BF019 /* Assets.xcassets in Resources */ = {isa = PBXBuildFile; fileRef = A751C41121AEBC9D008BF019 /* Assets.xcassets */; };
		A751C41521AEBC9D008BF019 /* LaunchScreen.storyboard in Resources */ = {isa = PBXBuildFile; fileRef = A751C41321AEBC9D008BF019 /* LaunchScreen.storyboard */; };
		A7BF611321B11C680014D8AC /* GRPCClient.swift in Sources */ = {isa = PBXBuildFile; fileRef = A7BF611221B11C680014D8AC /* GRPCClient.swift */; };
		A7BF611521B120700014D8AC /* GICProduct+Init.swift in Sources */ = {isa = PBXBuildFile; fileRef = A7BF611421B120700014D8AC /* GICProduct+Init.swift */; };
		A7BF611721B120EC0014D8AC /* GICCreateProductRequest+Init.swift in Sources */ = {isa = PBXBuildFile; fileRef = A7BF611621B120EC0014D8AC /* GICCreateProductRequest+Init.swift */; };
		A7BF611921B122010014D8AC /* GICDeleteProductRequest+Init.swift in Sources */ = {isa = PBXBuildFile; fileRef = A7BF611821B122010014D8AC /* GICDeleteProductRequest+Init.swift */; };
		A7BF611B21B123640014D8AC /* GICUpdateProductRequest+Init.swift in Sources */ = {isa = PBXBuildFile; fileRef = A7BF611A21B123640014D8AC /* GICUpdateProductRequest+Init.swift */; };
		A7BF611D21B124480014D8AC /* RandomData.swift in Sources */ = {isa = PBXBuildFile; fileRef = A7BF611C21B124480014D8AC /* RandomData.swift */; };
		A7BF611F21B128DC0014D8AC /* ProductViewController+TableView.swift in Sources */ = {isa = PBXBuildFile; fileRef = A7BF611E21B128DC0014D8AC /* ProductViewController+TableView.swift */; };
		A7BF612121B12AA90014D8AC /* ProductViewController+ProductAction.swift in Sources */ = {isa = PBXBuildFile; fileRef = A7BF612021B12AA90014D8AC /* ProductViewController+ProductAction.swift */; };
		A7BF612321B16FD10014D8AC /* ProductViewController+ActionButton.swift in Sources */ = {isa = PBXBuildFile; fileRef = A7BF612221B16FD10014D8AC /* ProductViewController+ActionButton.swift */; };
		A7BF615121B18F4D0014D8AC /* Product.pbobjc.m in Sources */ = {isa = PBXBuildFile; fileRef = A7BF614521B18F4D0014D8AC /* Product.pbobjc.m */; settings = {COMPILER_FLAGS = "-fno-objc-arc"; }; };
		A7BF615221B18F4D0014D8AC /* ProductService.pbobjc.m in Sources */ = {isa = PBXBuildFile; fileRef = A7BF614721B18F4D0014D8AC /* ProductService.pbobjc.m */; settings = {COMPILER_FLAGS = "-fno-objc-arc"; }; };
		A7BF615321B18F4D0014D8AC /* Sdk.pbobjc.m in Sources */ = {isa = PBXBuildFile; fileRef = A7BF614921B18F4D0014D8AC /* Sdk.pbobjc.m */; settings = {COMPILER_FLAGS = "-fno-objc-arc"; }; };
		A7BF615421B18F4D0014D8AC /* ImageService.pbobjc.m in Sources */ = {isa = PBXBuildFile; fileRef = A7BF614B21B18F4D0014D8AC /* ImageService.pbobjc.m */; settings = {COMPILER_FLAGS = "-fno-objc-arc"; }; };
		A7BF615521B18F4D0014D8AC /* Image.pbobjc.m in Sources */ = {isa = PBXBuildFile; fileRef = A7BF614C21B18F4D0014D8AC /* Image.pbobjc.m */; settings = {COMPILER_FLAGS = "-fno-objc-arc"; }; };
		A7BF615621B18F4D0014D8AC /* Sdk.pbrpc.m in Sources */ = {isa = PBXBuildFile; fileRef = A7BF615021B18F4D0014D8AC /* Sdk.pbrpc.m */; settings = {COMPILER_FLAGS = "-fno-objc-arc"; }; };
		A7D1B10221AED3FF00FFA167 /* ProductCell.swift in Sources */ = {isa = PBXBuildFile; fileRef = A7D1B10121AED3FF00FFA167 /* ProductCell.swift */; };
/* End PBXBuildFile section */

/* Begin PBXFileReference section */
		279692B23AD0BAFBB40EDF70 /* Pods_Catalog.framework */ = {isa = PBXFileReference; explicitFileType = wrapper.framework; includeInIndex = 0; path = Pods_Catalog.framework; sourceTree = BUILT_PRODUCTS_DIR; };
		640C06FC0756EA90AEBE4DEC /* Pods-Catalog.release.xcconfig */ = {isa = PBXFileReference; includeInIndex = 1; lastKnownFileType = text.xcconfig; name = "Pods-Catalog.release.xcconfig"; path = "Pods/Target Support Files/Pods-Catalog/Pods-Catalog.release.xcconfig"; sourceTree = "<group>"; };
		A751C40721AEBC9B008BF019 /* Catalog.app */ = {isa = PBXFileReference; explicitFileType = wrapper.application; includeInIndex = 0; path = Catalog.app; sourceTree = BUILT_PRODUCTS_DIR; };
		A751C40A21AEBC9B008BF019 /* AppDelegate.swift */ = {isa = PBXFileReference; lastKnownFileType = sourcecode.swift; path = AppDelegate.swift; sourceTree = "<group>"; };
		A751C40C21AEBC9B008BF019 /* ProductViewController.swift */ = {isa = PBXFileReference; lastKnownFileType = sourcecode.swift; path = ProductViewController.swift; sourceTree = "<group>"; };
		A751C40F21AEBC9B008BF019 /* Base */ = {isa = PBXFileReference; lastKnownFileType = file.storyboard; name = Base; path = Base.lproj/Main.storyboard; sourceTree = "<group>"; };
		A751C41121AEBC9D008BF019 /* Assets.xcassets */ = {isa = PBXFileReference; lastKnownFileType = folder.assetcatalog; path = Assets.xcassets; sourceTree = "<group>"; };
		A751C41421AEBC9D008BF019 /* Base */ = {isa = PBXFileReference; lastKnownFileType = file.storyboard; name = Base; path = Base.lproj/LaunchScreen.storyboard; sourceTree = "<group>"; };
		A751C41621AEBC9D008BF019 /* Info.plist */ = {isa = PBXFileReference; lastKnownFileType = text.plist.xml; path = Info.plist; sourceTree = "<group>"; };
		A7BF611221B11C680014D8AC /* GRPCClient.swift */ = {isa = PBXFileReference; lastKnownFileType = sourcecode.swift; path = GRPCClient.swift; sourceTree = "<group>"; };
		A7BF611421B120700014D8AC /* GICProduct+Init.swift */ = {isa = PBXFileReference; lastKnownFileType = sourcecode.swift; path = "GICProduct+Init.swift"; sourceTree = "<group>"; };
		A7BF611621B120EC0014D8AC /* GICCreateProductRequest+Init.swift */ = {isa = PBXFileReference; lastKnownFileType = sourcecode.swift; path = "GICCreateProductRequest+Init.swift"; sourceTree = "<group>"; };
		A7BF611821B122010014D8AC /* GICDeleteProductRequest+Init.swift */ = {isa = PBXFileReference; lastKnownFileType = sourcecode.swift; path = "GICDeleteProductRequest+Init.swift"; sourceTree = "<group>"; };
		A7BF611A21B123640014D8AC /* GICUpdateProductRequest+Init.swift */ = {isa = PBXFileReference; lastKnownFileType = sourcecode.swift; path = "GICUpdateProductRequest+Init.swift"; sourceTree = "<group>"; };
		A7BF611C21B124480014D8AC /* RandomData.swift */ = {isa = PBXFileReference; lastKnownFileType = sourcecode.swift; path = RandomData.swift; sourceTree = "<group>"; };
		A7BF611E21B128DC0014D8AC /* ProductViewController+TableView.swift */ = {isa = PBXFileReference; lastKnownFileType = sourcecode.swift; path = "ProductViewController+TableView.swift"; sourceTree = "<group>"; };
		A7BF612021B12AA90014D8AC /* ProductViewController+ProductAction.swift */ = {isa = PBXFileReference; lastKnownFileType = sourcecode.swift; path = "ProductViewController+ProductAction.swift"; sourceTree = "<group>"; };
		A7BF612221B16FD10014D8AC /* ProductViewController+ActionButton.swift */ = {isa = PBXFileReference; lastKnownFileType = sourcecode.swift; path = "ProductViewController+ActionButton.swift"; sourceTree = "<group>"; };
		A7BF612B21B18DD20014D8AC /* README.md */ = {isa = PBXFileReference; lastKnownFileType = net.daringfireball.markdown; path = README.md; sourceTree = "<group>"; };
		A7BF614521B18F4D0014D8AC /* Product.pbobjc.m */ = {isa = PBXFileReference; fileEncoding = 4; lastKnownFileType = sourcecode.c.objc; path = Product.pbobjc.m; sourceTree = "<group>"; };
		A7BF614621B18F4D0014D8AC /* Image.pbobjc.h */ = {isa = PBXFileReference; fileEncoding = 4; lastKnownFileType = sourcecode.c.h; path = Image.pbobjc.h; sourceTree = "<group>"; };
		A7BF614721B18F4D0014D8AC /* ProductService.pbobjc.m */ = {isa = PBXFileReference; fileEncoding = 4; lastKnownFileType = sourcecode.c.objc; path = ProductService.pbobjc.m; sourceTree = "<group>"; };
		A7BF614821B18F4D0014D8AC /* Sdk.pbobjc.h */ = {isa = PBXFileReference; fileEncoding = 4; lastKnownFileType = sourcecode.c.h; path = Sdk.pbobjc.h; sourceTree = "<group>"; };
		A7BF614921B18F4D0014D8AC /* Sdk.pbobjc.m */ = {isa = PBXFileReference; fileEncoding = 4; lastKnownFileType = sourcecode.c.objc; path = Sdk.pbobjc.m; sourceTree = "<group>"; };
		A7BF614A21B18F4D0014D8AC /* Sdk.pbrpc.h */ = {isa = PBXFileReference; fileEncoding = 4; lastKnownFileType = sourcecode.c.h; path = Sdk.pbrpc.h; sourceTree = "<group>"; };
		A7BF614B21B18F4D0014D8AC /* ImageService.pbobjc.m */ = {isa = PBXFileReference; fileEncoding = 4; lastKnownFileType = sourcecode.c.objc; path = ImageService.pbobjc.m; sourceTree = "<group>"; };
		A7BF614C21B18F4D0014D8AC /* Image.pbobjc.m */ = {isa = PBXFileReference; fileEncoding = 4; lastKnownFileType = sourcecode.c.objc; path = Image.pbobjc.m; sourceTree = "<group>"; };
		A7BF614D21B18F4D0014D8AC /* ImageService.pbobjc.h */ = {isa = PBXFileReference; fileEncoding = 4; lastKnownFileType = sourcecode.c.h; path = ImageService.pbobjc.h; sourceTree = "<group>"; };
		A7BF614E21B18F4D0014D8AC /* Product.pbobjc.h */ = {isa = PBXFileReference; fileEncoding = 4; lastKnownFileType = sourcecode.c.h; path = Product.pbobjc.h; sourceTree = "<group>"; };
		A7BF614F21B18F4D0014D8AC /* ProductService.pbobjc.h */ = {isa = PBXFileReference; fileEncoding = 4; lastKnownFileType = sourcecode.c.h; path = ProductService.pbobjc.h; sourceTree = "<group>"; };
		A7BF615021B18F4D0014D8AC /* Sdk.pbrpc.m */ = {isa = PBXFileReference; fileEncoding = 4; lastKnownFileType = sourcecode.c.objc; path = Sdk.pbrpc.m; sourceTree = "<group>"; };
		A7D1B0E221AEC4B400FFA167 /* Bridging-Header.h */ = {isa = PBXFileReference; lastKnownFileType = sourcecode.c.h; path = "Bridging-Header.h"; sourceTree = "<group>"; };
		A7D1B10121AED3FF00FFA167 /* ProductCell.swift */ = {isa = PBXFileReference; lastKnownFileType = sourcecode.swift; path = ProductCell.swift; sourceTree = "<group>"; };
		ED30C9937DEC5E6335674CB2 /* Pods-Catalog.debug.xcconfig */ = {isa = PBXFileReference; includeInIndex = 1; lastKnownFileType = text.xcconfig; name = "Pods-Catalog.debug.xcconfig"; path = "Pods/Target Support Files/Pods-Catalog/Pods-Catalog.debug.xcconfig"; sourceTree = "<group>"; };
/* End PBXFileReference section */

/* Begin PBXFrameworksBuildPhase section */
		A751C40421AEBC9B008BF019 /* Frameworks */ = {
			isa = PBXFrameworksBuildPhase;
			buildActionMask = 2147483647;
			files = (
				45538B4035E4EFD66FB3C659 /* Pods_Catalog.framework in Frameworks */,
			);
			runOnlyForDeploymentPostprocessing = 0;
		};
/* End PBXFrameworksBuildPhase section */

/* Begin PBXGroup section */
		60E444617D4C768255024ECC /* Frameworks */ = {
			isa = PBXGroup;
			children = (
				279692B23AD0BAFBB40EDF70 /* Pods_Catalog.framework */,
			);
			name = Frameworks;
			sourceTree = "<group>";
		};
		8F3BB88639E2E368D1B28ECF /* Pods */ = {
			isa = PBXGroup;
			children = (
				ED30C9937DEC5E6335674CB2 /* Pods-Catalog.debug.xcconfig */,
				640C06FC0756EA90AEBE4DEC /* Pods-Catalog.release.xcconfig */,
			);
			name = Pods;
			sourceTree = "<group>";
		};
		A751C3FE21AEBC9B008BF019 = {
			isa = PBXGroup;
			children = (
				A751C40921AEBC9B008BF019 /* Catalog */,
				A751C40821AEBC9B008BF019 /* Products */,
				8F3BB88639E2E368D1B28ECF /* Pods */,
				60E444617D4C768255024ECC /* Frameworks */,
			);
			sourceTree = "<group>";
		};
		A751C40821AEBC9B008BF019 /* Products */ = {
			isa = PBXGroup;
			children = (
				A751C40721AEBC9B008BF019 /* Catalog.app */,
			);
			name = Products;
			sourceTree = "<group>";
		};
		A751C40921AEBC9B008BF019 /* Catalog */ = {
			isa = PBXGroup;
			children = (
				A7BF612921B18D9B0014D8AC /* API */,
				A7BF612C21B18E580014D8AC /* Controllers */,
				A7BF615721B18FAF0014D8AC /* Helpers */,
				A751C40A21AEBC9B008BF019 /* AppDelegate.swift */,
				A751C41121AEBC9D008BF019 /* Assets.xcassets */,
				A7D1B0E221AEC4B400FFA167 /* Bridging-Header.h */,
				A751C41621AEBC9D008BF019 /* Info.plist */,
				A751C41321AEBC9D008BF019 /* LaunchScreen.storyboard */,
				A751C40E21AEBC9B008BF019 /* Main.storyboard */,
			);
			path = Catalog;
			sourceTree = "<group>";
		};
		A7BF612921B18D9B0014D8AC /* API */ = {
			isa = PBXGroup;
			children = (
				A7BF612E21B18ED20014D8AC /* Generated */,
				A7BF612A21B18DA40014D8AC /* Initializers */,
				A7BF611221B11C680014D8AC /* GRPCClient.swift */,
			);
			path = API;
			sourceTree = "<group>";
		};
		A7BF612A21B18DA40014D8AC /* Initializers */ = {
			isa = PBXGroup;
			children = (
				A7BF611421B120700014D8AC /* GICProduct+Init.swift */,
				A7BF611621B120EC0014D8AC /* GICCreateProductRequest+Init.swift */,
				A7BF611821B122010014D8AC /* GICDeleteProductRequest+Init.swift */,
				A7BF611A21B123640014D8AC /* GICUpdateProductRequest+Init.swift */,
				A7BF612B21B18DD20014D8AC /* README.md */,
			);
			path = Initializers;
			sourceTree = "<group>";
		};
		A7BF612C21B18E580014D8AC /* Controllers */ = {
			isa = PBXGroup;
			children = (
				A7BF612D21B18E5E0014D8AC /* Product */,
			);
			path = Controllers;
			sourceTree = "<group>";
		};
		A7BF612D21B18E5E0014D8AC /* Product */ = {
			isa = PBXGroup;
			children = (
				A751C40C21AEBC9B008BF019 /* ProductViewController.swift */,
				A7BF612221B16FD10014D8AC /* ProductViewController+ActionButton.swift */,
				A7BF611E21B128DC0014D8AC /* ProductViewController+TableView.swift */,
				A7BF612021B12AA90014D8AC /* ProductViewController+ProductAction.swift */,
				A7D1B10121AED3FF00FFA167 /* ProductCell.swift */,
			);
			path = Product;
			sourceTree = "<group>";
		};
		A7BF612E21B18ED20014D8AC /* Generated */ = {
			isa = PBXGroup;
			children = (
				A7BF614421B18F3E0014D8AC /* sdk */,
			);
			path = Generated;
			sourceTree = "<group>";
		};
		A7BF614421B18F3E0014D8AC /* sdk */ = {
			isa = PBXGroup;
			children = (
				A7BF614621B18F4D0014D8AC /* Image.pbobjc.h */,
				A7BF614C21B18F4D0014D8AC /* Image.pbobjc.m */,
				A7BF614D21B18F4D0014D8AC /* ImageService.pbobjc.h */,
				A7BF614B21B18F4D0014D8AC /* ImageService.pbobjc.m */,
				A7BF614E21B18F4D0014D8AC /* Product.pbobjc.h */,
				A7BF614521B18F4D0014D8AC /* Product.pbobjc.m */,
				A7BF614F21B18F4D0014D8AC /* ProductService.pbobjc.h */,
				A7BF614721B18F4D0014D8AC /* ProductService.pbobjc.m */,
				A7BF614821B18F4D0014D8AC /* Sdk.pbobjc.h */,
				A7BF614921B18F4D0014D8AC /* Sdk.pbobjc.m */,
				A7BF614A21B18F4D0014D8AC /* Sdk.pbrpc.h */,
				A7BF615021B18F4D0014D8AC /* Sdk.pbrpc.m */,
			);
			path = sdk;
			sourceTree = "<group>";
		};
		A7BF615721B18FAF0014D8AC /* Helpers */ = {
			isa = PBXGroup;
			children = (
				A7BF611C21B124480014D8AC /* RandomData.swift */,
			);
			path = Helpers;
			sourceTree = "<group>";
		};
/* End PBXGroup section */

/* Begin PBXNativeTarget section */
		A751C40621AEBC9B008BF019 /* Catalog */ = {
			isa = PBXNativeTarget;
			buildConfigurationList = A751C41921AEBC9D008BF019 /* Build configuration list for PBXNativeTarget "Catalog" */;
			buildPhases = (
				2D734C150CA6061C77863574 /* [CP] Check Pods Manifest.lock */,
				A751C40321AEBC9B008BF019 /* Sources */,
				A751C40421AEBC9B008BF019 /* Frameworks */,
				A751C40521AEBC9B008BF019 /* Resources */,
				7CEE1747DD6995A5794E5855 /* [CP] Embed Pods Frameworks */,
				46147E3A22743B7AD068F317 /* [CP] Copy Pods Resources */,
			);
			buildRules = (
			);
			dependencies = (
			);
			name = Catalog;
			productName = Catalog;
			productReference = A751C40721AEBC9B008BF019 /* Catalog.app */;
			productType = "com.apple.product-type.application";
		};
/* End PBXNativeTarget section */

/* Begin PBXProject section */
		A751C3FF21AEBC9B008BF019 /* Project object */ = {
			isa = PBXProject;
			attributes = {
				LastSwiftUpdateCheck = 1010;
				LastUpgradeCheck = 1010;
				ORGANIZATIONNAME = SumUp;
				TargetAttributes = {
					A751C40621AEBC9B008BF019 = {
						CreatedOnToolsVersion = 10.1;
					};
				};
			};
			buildConfigurationList = A751C40221AEBC9B008BF019 /* Build configuration list for PBXProject "Catalog" */;
			compatibilityVersion = "Xcode 9.3";
			developmentRegion = en;
			hasScannedForEncodings = 0;
			knownRegions = (
				en,
				Base,
			);
			mainGroup = A751C3FE21AEBC9B008BF019;
			productRefGroup = A751C40821AEBC9B008BF019 /* Products */;
			projectDirPath = "";
			projectRoot = "";
			targets = (
				A751C40621AEBC9B008BF019 /* Catalog */,
			);
		};
/* End PBXProject section */

/* Begin PBXResourcesBuildPhase section */
		A751C40521AEBC9B008BF019 /* Resources */ = {
			isa = PBXResourcesBuildPhase;
			buildActionMask = 2147483647;
			files = (
				A751C41521AEBC9D008BF019 /* LaunchScreen.storyboard in Resources */,
				A751C41221AEBC9D008BF019 /* Assets.xcassets in Resources */,
				A751C41021AEBC9B008BF019 /* Main.storyboard in Resources */,
			);
			runOnlyForDeploymentPostprocessing = 0;
		};
/* End PBXResourcesBuildPhase section */

/* Begin PBXShellScriptBuildPhase section */
		2D734C150CA6061C77863574 /* [CP] Check Pods Manifest.lock */ = {
			isa = PBXShellScriptBuildPhase;
			buildActionMask = 2147483647;
			files = (
			);
			inputPaths = (
				"${PODS_PODFILE_DIR_PATH}/Podfile.lock",
				"${PODS_ROOT}/Manifest.lock",
			);
			name = "[CP] Check Pods Manifest.lock";
			outputPaths = (
				"$(DERIVED_FILE_DIR)/Pods-Catalog-checkManifestLockResult.txt",
			);
			runOnlyForDeploymentPostprocessing = 0;
			shellPath = /bin/sh;
			shellScript = "diff \"${PODS_PODFILE_DIR_PATH}/Podfile.lock\" \"${PODS_ROOT}/Manifest.lock\" > /dev/null\nif [ $? != 0 ] ; then\n    # print error to STDERR\n    echo \"error: The sandbox is not in sync with the Podfile.lock. Run 'pod install' or update your CocoaPods installation.\" >&2\n    exit 1\nfi\n# This output is used by Xcode 'outputs' to avoid re-running this script phase.\necho \"SUCCESS\" > \"${SCRIPT_OUTPUT_FILE_0}\"\n";
			showEnvVarsInLog = 0;
		};
		46147E3A22743B7AD068F317 /* [CP] Copy Pods Resources */ = {
			isa = PBXShellScriptBuildPhase;
			buildActionMask = 2147483647;
			files = (
			);
			inputPaths = (
			);
			name = "[CP] Copy Pods Resources";
			outputPaths = (
			);
			runOnlyForDeploymentPostprocessing = 0;
			shellPath = /bin/sh;
			shellScript = "\"${SRCROOT}/Pods/Target Support Files/Pods-Catalog/Pods-Catalog-resources.sh\"\n";
			showEnvVarsInLog = 0;
		};
		7CEE1747DD6995A5794E5855 /* [CP] Embed Pods Frameworks */ = {
			isa = PBXShellScriptBuildPhase;
			buildActionMask = 2147483647;
			files = (
			);
			inputPaths = (
				"${SRCROOT}/Pods/Target Support Files/Pods-Catalog/Pods-Catalog-frameworks.sh",
				"${BUILT_PRODUCTS_DIR}/BoringSSL/openssl.framework",
				"${BUILT_PRODUCTS_DIR}/Protobuf/Protobuf.framework",
				"${BUILT_PRODUCTS_DIR}/gRPC/GRPCClient.framework",
				"${BUILT_PRODUCTS_DIR}/gRPC-Core/grpc.framework",
				"${BUILT_PRODUCTS_DIR}/gRPC-ProtoRPC/ProtoRPC.framework",
				"${BUILT_PRODUCTS_DIR}/gRPC-RxLibrary/RxLibrary.framework",
				"${BUILT_PRODUCTS_DIR}/nanopb/nanopb.framework",
			);
			name = "[CP] Embed Pods Frameworks";
			outputPaths = (
				"${TARGET_BUILD_DIR}/${FRAMEWORKS_FOLDER_PATH}/openssl.framework",
				"${TARGET_BUILD_DIR}/${FRAMEWORKS_FOLDER_PATH}/Protobuf.framework",
				"${TARGET_BUILD_DIR}/${FRAMEWORKS_FOLDER_PATH}/GRPCClient.framework",
				"${TARGET_BUILD_DIR}/${FRAMEWORKS_FOLDER_PATH}/grpc.framework",
				"${TARGET_BUILD_DIR}/${FRAMEWORKS_FOLDER_PATH}/ProtoRPC.framework",
				"${TARGET_BUILD_DIR}/${FRAMEWORKS_FOLDER_PATH}/RxLibrary.framework",
				"${TARGET_BUILD_DIR}/${FRAMEWORKS_FOLDER_PATH}/nanopb.framework",
			);
			runOnlyForDeploymentPostprocessing = 0;
			shellPath = /bin/sh;
			shellScript = "\"${SRCROOT}/Pods/Target Support Files/Pods-Catalog/Pods-Catalog-frameworks.sh\"\n";
			showEnvVarsInLog = 0;
		};
/* End PBXShellScriptBuildPhase section */

/* Begin PBXSourcesBuildPhase section */
		A751C40321AEBC9B008BF019 /* Sources */ = {
			isa = PBXSourcesBuildPhase;
			buildActionMask = 2147483647;
			files = (
				A7BF612121B12AA90014D8AC /* ProductViewController+ProductAction.swift in Sources */,
				A7BF611D21B124480014D8AC /* RandomData.swift in Sources */,
				A7BF615221B18F4D0014D8AC /* ProductService.pbobjc.m in Sources */,
				A751C40D21AEBC9B008BF019 /* ProductViewController.swift in Sources */,
				A7BF615621B18F4D0014D8AC /* Sdk.pbrpc.m in Sources */,
				A7BF615521B18F4D0014D8AC /* Image.pbobjc.m in Sources */,
				A7BF615121B18F4D0014D8AC /* Product.pbobjc.m in Sources */,
				A7BF611F21B128DC0014D8AC /* ProductViewController+TableView.swift in Sources */,
				A7BF615321B18F4D0014D8AC /* Sdk.pbobjc.m in Sources */,
				A7BF612321B16FD10014D8AC /* ProductViewController+ActionButton.swift in Sources */,
				A7BF611721B120EC0014D8AC /* GICCreateProductRequest+Init.swift in Sources */,
				A751C40B21AEBC9B008BF019 /* AppDelegate.swift in Sources */,
				A7BF611921B122010014D8AC /* GICDeleteProductRequest+Init.swift in Sources */,
				A7BF611521B120700014D8AC /* GICProduct+Init.swift in Sources */,
				A7BF611321B11C680014D8AC /* GRPCClient.swift in Sources */,
				A7BF611B21B123640014D8AC /* GICUpdateProductRequest+Init.swift in Sources */,
				A7BF615421B18F4D0014D8AC /* ImageService.pbobjc.m in Sources */,
				A7D1B10221AED3FF00FFA167 /* ProductCell.swift in Sources */,
			);
			runOnlyForDeploymentPostprocessing = 0;
		};
/* End PBXSourcesBuildPhase section */

/* Begin PBXVariantGroup section */
		A751C40E21AEBC9B008BF019 /* Main.storyboard */ = {
			isa = PBXVariantGroup;
			children = (
				A751C40F21AEBC9B008BF019 /* Base */,
			);
			name = Main.storyboard;
			sourceTree = "<group>";
		};
		A751C41321AEBC9D008BF019 /* LaunchScreen.storyboard */ = {
			isa = PBXVariantGroup;
			children = (
				A751C41421AEBC9D008BF019 /* Base */,
			);
			name = LaunchScreen.storyboard;
			sourceTree = "<group>";
		};
/* End PBXVariantGroup section */

/* Begin XCBuildConfiguration section */
		A751C41721AEBC9D008BF019 /* Debug */ = {
			isa = XCBuildConfiguration;
			buildSettings = {
				ALWAYS_SEARCH_USER_PATHS = NO;
				CLANG_ANALYZER_NONNULL = YES;
				CLANG_ANALYZER_NUMBER_OBJECT_CONVERSION = YES_AGGRESSIVE;
				CLANG_CXX_LANGUAGE_STANDARD = "gnu++14";
				CLANG_CXX_LIBRARY = "libc++";
				CLANG_ENABLE_MODULES = YES;
				CLANG_ENABLE_OBJC_ARC = YES;
				CLANG_ENABLE_OBJC_WEAK = YES;
				CLANG_WARN_BLOCK_CAPTURE_AUTORELEASING = YES;
				CLANG_WARN_BOOL_CONVERSION = YES;
				CLANG_WARN_COMMA = YES;
				CLANG_WARN_CONSTANT_CONVERSION = YES;
				CLANG_WARN_DEPRECATED_OBJC_IMPLEMENTATIONS = YES;
				CLANG_WARN_DIRECT_OBJC_ISA_USAGE = YES_ERROR;
				CLANG_WARN_DOCUMENTATION_COMMENTS = YES;
				CLANG_WARN_EMPTY_BODY = YES;
				CLANG_WARN_ENUM_CONVERSION = YES;
				CLANG_WARN_INFINITE_RECURSION = YES;
				CLANG_WARN_INT_CONVERSION = YES;
				CLANG_WARN_NON_LITERAL_NULL_CONVERSION = YES;
				CLANG_WARN_OBJC_IMPLICIT_RETAIN_SELF = YES;
				CLANG_WARN_OBJC_LITERAL_CONVERSION = YES;
				CLANG_WARN_OBJC_ROOT_CLASS = YES_ERROR;
				CLANG_WARN_RANGE_LOOP_ANALYSIS = YES;
				CLANG_WARN_STRICT_PROTOTYPES = YES;
				CLANG_WARN_SUSPICIOUS_MOVE = YES;
				CLANG_WARN_UNGUARDED_AVAILABILITY = YES_AGGRESSIVE;
				CLANG_WARN_UNREACHABLE_CODE = YES;
				CLANG_WARN__DUPLICATE_METHOD_MATCH = YES;
				CODE_SIGN_IDENTITY = "iPhone Developer";
				COPY_PHASE_STRIP = NO;
				DEBUG_INFORMATION_FORMAT = dwarf;
				ENABLE_STRICT_OBJC_MSGSEND = YES;
				ENABLE_TESTABILITY = YES;
				GCC_C_LANGUAGE_STANDARD = gnu11;
				GCC_DYNAMIC_NO_PIC = NO;
				GCC_NO_COMMON_BLOCKS = YES;
				GCC_OPTIMIZATION_LEVEL = 0;
				GCC_PREPROCESSOR_DEFINITIONS = (
					"DEBUG=1",
					"$(inherited)",
				);
				GCC_WARN_64_TO_32_BIT_CONVERSION = YES;
				GCC_WARN_ABOUT_RETURN_TYPE = YES_ERROR;
				GCC_WARN_UNDECLARED_SELECTOR = YES;
				GCC_WARN_UNINITIALIZED_AUTOS = YES_AGGRESSIVE;
				GCC_WARN_UNUSED_FUNCTION = YES;
				GCC_WARN_UNUSED_VARIABLE = YES;
				IPHONEOS_DEPLOYMENT_TARGET = 12.1;
				MTL_ENABLE_DEBUG_INFO = INCLUDE_SOURCE;
				MTL_FAST_MATH = YES;
				ONLY_ACTIVE_ARCH = YES;
				SDKROOT = iphoneos;
				SWIFT_ACTIVE_COMPILATION_CONDITIONS = DEBUG;
				SWIFT_OPTIMIZATION_LEVEL = "-Onone";
			};
			name = Debug;
		};
		A751C41821AEBC9D008BF019 /* Release */ = {
			isa = XCBuildConfiguration;
			buildSettings = {
				ALWAYS_SEARCH_USER_PATHS = NO;
				CLANG_ANALYZER_NONNULL = YES;
				CLANG_ANALYZER_NUMBER_OBJECT_CONVERSION = YES_AGGRESSIVE;
				CLANG_CXX_LANGUAGE_STANDARD = "gnu++14";
				CLANG_CXX_LIBRARY = "libc++";
				CLANG_ENABLE_MODULES = YES;
				CLANG_ENABLE_OBJC_ARC = YES;
				CLANG_ENABLE_OBJC_WEAK = YES;
				CLANG_WARN_BLOCK_CAPTURE_AUTORELEASING = YES;
				CLANG_WARN_BOOL_CONVERSION = YES;
				CLANG_WARN_COMMA = YES;
				CLANG_WARN_CONSTANT_CONVERSION = YES;
				CLANG_WARN_DEPRECATED_OBJC_IMPLEMENTATIONS = YES;
				CLANG_WARN_DIRECT_OBJC_ISA_USAGE = YES_ERROR;
				CLANG_WARN_DOCUMENTATION_COMMENTS = YES;
				CLANG_WARN_EMPTY_BODY = YES;
				CLANG_WARN_ENUM_CONVERSION = YES;
				CLANG_WARN_INFINITE_RECURSION = YES;
				CLANG_WARN_INT_CONVERSION = YES;
				CLANG_WARN_NON_LITERAL_NULL_CONVERSION = YES;
				CLANG_WARN_OBJC_IMPLICIT_RETAIN_SELF = YES;
				CLANG_WARN_OBJC_LITERAL_CONVERSION = YES;
				CLANG_WARN_OBJC_ROOT_CLASS = YES_ERROR;
				CLANG_WARN_RANGE_LOOP_ANALYSIS = YES;
				CLANG_WARN_STRICT_PROTOTYPES = YES;
				CLANG_WARN_SUSPICIOUS_MOVE = YES;
				CLANG_WARN_UNGUARDED_AVAILABILITY = YES_AGGRESSIVE;
				CLANG_WARN_UNREACHABLE_CODE = YES;
				CLANG_WARN__DUPLICATE_METHOD_MATCH = YES;
				CODE_SIGN_IDENTITY = "iPhone Developer";
				COPY_PHASE_STRIP = NO;
				DEBUG_INFORMATION_FORMAT = "dwarf-with-dsym";
				ENABLE_NS_ASSERTIONS = NO;
				ENABLE_STRICT_OBJC_MSGSEND = YES;
				GCC_C_LANGUAGE_STANDARD = gnu11;
				GCC_NO_COMMON_BLOCKS = YES;
				GCC_WARN_64_TO_32_BIT_CONVERSION = YES;
				GCC_WARN_ABOUT_RETURN_TYPE = YES_ERROR;
				GCC_WARN_UNDECLARED_SELECTOR = YES;
				GCC_WARN_UNINITIALIZED_AUTOS = YES_AGGRESSIVE;
				GCC_WARN_UNUSED_FUNCTION = YES;
				GCC_WARN_UNUSED_VARIABLE = YES;
				IPHONEOS_DEPLOYMENT_TARGET = 12.1;
				MTL_ENABLE_DEBUG_INFO = NO;
				MTL_FAST_MATH = YES;
				SDKROOT = iphoneos;
				SWIFT_COMPILATION_MODE = wholemodule;
				SWIFT_OPTIMIZATION_LEVEL = "-O";
				VALIDATE_PRODUCT = YES;
			};
			name = Release;
		};
		A751C41A21AEBC9D008BF019 /* Debug */ = {
			isa = XCBuildConfiguration;
			baseConfigurationReference = ED30C9937DEC5E6335674CB2 /* Pods-Catalog.debug.xcconfig */;
			buildSettings = {
				ASSETCATALOG_COMPILER_APPICON_NAME = AppIcon;
				CODE_SIGN_STYLE = Automatic;
				DEVELOPMENT_TEAM = QX2BADCYHY;
				HEADER_SEARCH_PATHS = (
					"$(inherited)",
					"\"${PODS_ROOT}/Headers/Public\"",
					"\"${PODS_ROOT}/Headers/Public/!ProtoCompiler\"",
					"\"${PODS_ROOT}/Headers/Public/!ProtoCompiler-gRPCPlugin\"",
					"\"$(SRCROOT)/Catalog/API/Generated\"",
				);
				INFOPLIST_FILE = Catalog/Info.plist;
				LD_RUNPATH_SEARCH_PATHS = (
					"$(inherited)",
					"@executable_path/Frameworks",
				);
				PRODUCT_BUNDLE_IDENTIFIER = grpc.introduction.Catalog;
				PRODUCT_NAME = "$(TARGET_NAME)";
				SWIFT_OBJC_BRIDGING_HEADER = "Catalog/Bridging-Header.h";
				SWIFT_VERSION = 4.2;
				TARGETED_DEVICE_FAMILY = "1,2";
			};
			name = Debug;
		};
		A751C41B21AEBC9D008BF019 /* Release */ = {
			isa = XCBuildConfiguration;
			baseConfigurationReference = 640C06FC0756EA90AEBE4DEC /* Pods-Catalog.release.xcconfig */;
			buildSettings = {
				ASSETCATALOG_COMPILER_APPICON_NAME = AppIcon;
				CODE_SIGN_STYLE = Automatic;
				DEVELOPMENT_TEAM = QX2BADCYHY;
				HEADER_SEARCH_PATHS = (
					"$(inherited)",
					"\"${PODS_ROOT}/Headers/Public\"",
					"\"${PODS_ROOT}/Headers/Public/!ProtoCompiler\"",
					"\"${PODS_ROOT}/Headers/Public/!ProtoCompiler-gRPCPlugin\"",
					"\"$(SRCROOT)/Catalog/API/Generated\"",
				);
				INFOPLIST_FILE = Catalog/Info.plist;
				LD_RUNPATH_SEARCH_PATHS = (
					"$(inherited)",
					"@executable_path/Frameworks",
				);
				PRODUCT_BUNDLE_IDENTIFIER = grpc.introduction.Catalog;
				PRODUCT_NAME = "$(TARGET_NAME)";
				SWIFT_OBJC_BRIDGING_HEADER = "Catalog/Bridging-Header.h";
				SWIFT_VERSION = 4.2;
				TARGETED_DEVICE_FAMILY = "1,2";
			};
			name = Release;
		};
/* End XCBuildConfiguration section */

/* Begin XCConfigurationList section */
		A751C40221AEBC9B008BF019 /* Build configuration list for PBXProject "Catalog" */ = {
			isa = XCConfigurationList;
			buildConfigurations = (
				A751C41721AEBC9D008BF019 /* Debug */,
				A751C41821AEBC9D008BF019 /* Release */,
			);
			defaultConfigurationIsVisible = 0;
			defaultConfigurationName = Release;
		};
		A751C41921AEBC9D008BF019 /* Build configuration list for PBXNativeTarget "Catalog" */ = {
			isa = XCConfigurationList;
			buildConfigurations = (
				A751C41A21AEBC9D008BF019 /* Debug */,
				A751C41B21AEBC9D008BF019 /* Release */,
			);
			defaultConfigurationIsVisible = 0;
			defaultConfigurationName = Release;
		};
/* End XCConfigurationList section */
	};
	rootObject = A751C3FF21AEBC9B008BF019 /* Project object */;
}
